
Microsoft Visual Studio Solution File, Format Version 12.00
# Visual Studio Version 16
VisualStudioVersion = 16.0.30330.147
MinimumVisualStudioVersion = 10.0.40219.1
Project("{FAE04EC0-301F-11D3-BF4B-00C04F79EFBC}") = "WcfServiceLibrary", "WcfServiceLibrary\WcfServiceLibrary.csproj", "{05AEAFD9-927E-48E6-8EB6-FAADC049B153}"
EndProject
Project("{FAE04EC0-301F-11D3-BF4B-00C04F79EFBC}") = "WcfServiceLibrary.SampleHost", "WcfServiceLibrary.SampleHost\WcfServiceLibrary.SampleHost.csproj", "{60C6A17B-17FB-47A8-B8B9-46FCB66BA065}"
EndProject
Project("{FAE04EC0-301F-11D3-BF4B-00C04F79EFBC}") = "WcfServiceLibrary.WindowsServiceHost", "WcfServiceLibrary.WindowsServiceHost\WcfServiceLibrary.WindowsServiceHost.csproj", "{635CBA0F-040D-4BF9-AF08-FC43E9D6A3B7}"
EndProject
Global
	GlobalSection(SolutionConfigurationPlatforms) = preSolution
		Debug|Any CPU = Debug|Any CPU
		Release|Any CPU = Release|Any CPU
	EndGlobalSection
	GlobalSection(ProjectConfigurationPlatforms) = postSolution
		{05AEAFD9-927E-48E6-8EB6-FAADC049B153}.Debug|Any CPU.ActiveCfg = Debug|Any CPU
		{05AEAFD9-927E-48E6-8EB6-FAADC049B153}.Debug|Any CPU.Build.0 = Debug|Any CPU
		{05AEAFD9-927E-48E6-8EB6-FAADC049B153}.Release|Any CPU.ActiveCfg = Release|Any CPU
		{05AEAFD9-927E-48E6-8EB6-FAADC049B153}.Release|Any CPU.Build.0 = Release|Any CPU
		{60C6A17B-17FB-47A8-B8B9-46FCB66BA065}.Debug|Any CPU.ActiveCfg = Debug|Any CPU
		{60C6A17B-17FB-47A8-B8B9-46FCB66BA065}.Debug|Any CPU.Build.0 = Debug|Any CPU
		{60C6A17B-17FB-47A8-B8B9-46FCB66BA065}.Release|Any CPU.ActiveCfg = Release|Any CPU
		{60C6A17B-17FB-47A8-B8B9-46FCB66BA065}.Release|Any CPU.Build.0 = Release|Any CPU
		{635CBA0F-040D-4BF9-AF08-FC43E9D6A3B7}.Debug|Any CPU.ActiveCfg = Debug|Any CPU
		{635CBA0F-040D-4BF9-AF08-FC43E9D6A3B7}.Debug|Any CPU.Build.0 = Debug|Any CPU
		{635CBA0F-040D-4BF9-AF08-FC43E9D6A3B7}.Release|Any CPU.ActiveCfg = Release|Any CPU
		{635CBA0F-040D-4BF9-AF08-FC43E9D6A3B7}.Release|Any CPU.Build.0 = Release|Any CPU
	EndGlobalSection
	GlobalSection(SolutionProperties) = preSolution
		HideSolutionNode = FALSE
	EndGlobalSection
	GlobalSection(ExtensibilityGlobals) = postSolution
		SolutionGuid = {31B2586A-3E06-43A8-90A3-457B960CAF69}
	EndGlobalSection
EndGlobal
